// !$*UTF8*$!
{
	archiveVersion = 1;
	classes = {
	};
	objectVersion = 45;
	objects = {

/* Begin PBXBuildFile section */
		6458A474121BEA6300D40A32 /* BigInt.cpp in Sources */ = {isa = PBXBuildFile; fileRef = 6458A45F121BEA6300D40A32 /* BigInt.cpp */; };
		6458A475121BEA6300D40A32 /* CCRakNetUDT.cpp in Sources */ = {isa = PBXBuildFile; fileRef = 6458A461121BEA6300D40A32 /* CCRakNetUDT.cpp */; };
		6458A476121BEA6300D40A32 /* NatPunchthroughServer.cpp in Sources */ = {isa = PBXBuildFile; fileRef = 6458A465121BEA6300D40A32 /* NatPunchthroughServer.cpp */; };
		6458A477121BEA6300D40A32 /* PluginInterface2.cpp in Sources */ = {isa = PBXBuildFile; fileRef = 6458A467121BEA6300D40A32 /* PluginInterface2.cpp */; };
		6458A478121BEA6300D40A32 /* RakNetSocket.cpp in Sources */ = {isa = PBXBuildFile; fileRef = 6458A469121BEA6300D40A32 /* RakNetSocket.cpp */; };
		6458A479121BEA6300D40A32 /* RakString.cpp in Sources */ = {isa = PBXBuildFile; fileRef = 6458A46B121BEA6300D40A32 /* RakString.cpp */; };
		6458A47A121BEA6300D40A32 /* RakThread.cpp in Sources */ = {isa = PBXBuildFile; fileRef = 6458A46D121BEA6300D40A32 /* RakThread.cpp */; };
		6458A47B121BEA6300D40A32 /* RSACrypt.cpp in Sources */ = {isa = PBXBuildFile; fileRef = 6458A46F121BEA6300D40A32 /* RSACrypt.cpp */; };
		6458A47C121BEA6300D40A32 /* SignaledEvent.cpp in Sources */ = {isa = PBXBuildFile; fileRef = 6458A470121BEA6300D40A32 /* SignaledEvent.cpp */; };
		6458A47D121BEA6300D40A32 /* SuperFastHash.cpp in Sources */ = {isa = PBXBuildFile; fileRef = 6458A472121BEA6300D40A32 /* SuperFastHash.cpp */; };
		6458A48D121BEAF300D40A32 /* PacketFileLogger.cpp in Sources */ = {isa = PBXBuildFile; fileRef = 6458A48B121BEAF300D40A32 /* PacketFileLogger.cpp */; };
		645B1C080FBA2780007978DF /* Facilitator.cpp in Sources */ = {isa = PBXBuildFile; fileRef = 645B1C070FBA2780007978DF /* Facilitator.cpp */; };
		645B1CB30FBA278D007978DF /* _FindFirst.cpp in Sources */ = {isa = PBXBuildFile; fileRef = 645B1C0B0FBA278D007978DF /* _FindFirst.cpp */; };
		645B1CB40FBA278D007978DF /* AsynchronousFileIO.cpp in Sources */ = {isa = PBXBuildFile; fileRef = 645B1C0D0FBA278D007978DF /* AsynchronousFileIO.cpp */; };
		645B1CB50FBA278D007978DF /* BitStream.cpp in Sources */ = {isa = PBXBuildFile; fileRef = 645B1C120FBA278D007978DF /* BitStream.cpp */; };
		645B1CB60FBA278D007978DF /* BitStream_NoTemplate.cpp in Sources */ = {isa = PBXBuildFile; fileRef = 645B1C140FBA278D007978DF /* BitStream_NoTemplate.cpp */; };
		645B1CB70FBA278D007978DF /* CheckSum.cpp in Sources */ = {isa = PBXBuildFile; fileRef = 645B1C150FBA278D007978DF /* CheckSum.cpp */; };
		645B1CB80FBA278D007978DF /* CommandParserInterface.cpp in Sources */ = {isa = PBXBuildFile; fileRef = 645B1C180FBA278D007978DF /* CommandParserInterface.cpp */; };
		645B1CB90FBA278D007978DF /* ConnectionGraph.cpp in Sources */ = {isa = PBXBuildFile; fileRef = 645B1C1B0FBA278D007978DF /* ConnectionGraph.cpp */; };
		645B1CBA0FBA278D007978DF /* ConsoleServer.cpp in Sources */ = {isa = PBXBuildFile; fileRef = 645B1C1D0FBA278D007978DF /* ConsoleServer.cpp */; };
		645B1CBB0FBA278D007978DF /* DataBlockEncryptor.cpp in Sources */ = {isa = PBXBuildFile; fileRef = 645B1C1F0FBA278D007978DF /* DataBlockEncryptor.cpp */; };
		645B1CBC0FBA278D007978DF /* DataCompressor.cpp in Sources */ = {isa = PBXBuildFile; fileRef = 645B1C210FBA278D007978DF /* DataCompressor.cpp */; };
		645B1CBD0FBA278D007978DF /* DirectoryDeltaTransfer.cpp in Sources */ = {isa = PBXBuildFile; fileRef = 645B1C230FBA278D007978DF /* DirectoryDeltaTransfer.cpp */; };
		645B1CBE0FBA278D007978DF /* DS_BytePool.cpp in Sources */ = {isa = PBXBuildFile; fileRef = 645B1C270FBA278D007978DF /* DS_BytePool.cpp */; };
		645B1CBF0FBA278D007978DF /* DS_ByteQueue.cpp in Sources */ = {isa = PBXBuildFile; fileRef = 645B1C290FBA278D007978DF /* DS_ByteQueue.cpp */; };
		645B1CC00FBA278D007978DF /* DS_HuffmanEncodingTree.cpp in Sources */ = {isa = PBXBuildFile; fileRef = 645B1C2C0FBA278D007978DF /* DS_HuffmanEncodingTree.cpp */; };
		645B1CC10FBA278D007978DF /* DS_Table.cpp in Sources */ = {isa = PBXBuildFile; fileRef = 645B1C390FBA278D007978DF /* DS_Table.cpp */; };
		645B1CC20FBA278D007978DF /* EmailSender.cpp in Sources */ = {isa = PBXBuildFile; fileRef = 645B1C3D0FBA278D007978DF /* EmailSender.cpp */; };
		645B1CC30FBA278D007978DF /* EncodeClassName.cpp in Sources */ = {isa = PBXBuildFile; fileRef = 645B1C3F0FBA278D007978DF /* EncodeClassName.cpp */; };
		645B1CC40FBA278D007978DF /* ExtendedOverlappedPool.cpp in Sources */ = {isa = PBXBuildFile; fileRef = 645B1C410FBA278D007978DF /* ExtendedOverlappedPool.cpp */; };
		645B1CC50FBA278D007978DF /* FileList.cpp in Sources */ = {isa = PBXBuildFile; fileRef = 645B1C430FBA278D007978DF /* FileList.cpp */; };
		645B1CC60FBA278D007978DF /* FileListTransfer.cpp in Sources */ = {isa = PBXBuildFile; fileRef = 645B1C450FBA278D007978DF /* FileListTransfer.cpp */; };
		645B1CC70FBA278D007978DF /* FileOperations.cpp in Sources */ = {isa = PBXBuildFile; fileRef = 645B1C480FBA278D007978DF /* FileOperations.cpp */; };
		645B1CC80FBA278D007978DF /* FullyConnectedMesh.cpp in Sources */ = {isa = PBXBuildFile; fileRef = 645B1C4A0FBA278D007978DF /* FullyConnectedMesh.cpp */; };
		645B1CC90FBA278D007978DF /* GetTime.cpp in Sources */ = {isa = PBXBuildFile; fileRef = 645B1C4C0FBA278D007978DF /* GetTime.cpp */; };
		645B1CCA0FBA278D007978DF /* Itoa.cpp in Sources */ = {isa = PBXBuildFile; fileRef = 645B1C4F0FBA278D007978DF /* Itoa.cpp */; };
		645B1CCE0FBA278D007978DF /* LinuxStrings.cpp in Sources */ = {isa = PBXBuildFile; fileRef = 645B1C570FBA278D007978DF /* LinuxStrings.cpp */; };
		645B1CCF0FBA278D007978DF /* LogCommandParser.cpp in Sources */ = {isa = PBXBuildFile; fileRef = 645B1C590FBA278D007978DF /* LogCommandParser.cpp */; };
		645B1CD00FBA278D007978DF /* MessageFilter.cpp in Sources */ = {isa = PBXBuildFile; fileRef = 645B1C5C0FBA278D007978DF /* MessageFilter.cpp */; };
		645B1CD20FBA278D007978DF /* NetworkIDManager.cpp in Sources */ = {isa = PBXBuildFile; fileRef = 645B1C620FBA278D007978DF /* NetworkIDManager.cpp */; };
		645B1CD30FBA278D007978DF /* NetworkIDObject.cpp in Sources */ = {isa = PBXBuildFile; fileRef = 645B1C640FBA278D007978DF /* NetworkIDObject.cpp */; };
		645B1CD60FBA278D007978DF /* PacketLogger.cpp in Sources */ = {isa = PBXBuildFile; fileRef = 645B1C6A0FBA278D007978DF /* PacketLogger.cpp */; };
		645B1CD70FBA278D007978DF /* PluginInterface.cpp in Sources */ = {isa = PBXBuildFile; fileRef = 645B1C6E0FBA278D007978DF /* PluginInterface.cpp */; };
		645B1CD80FBA278D007978DF /* RakMemoryOverride.cpp in Sources */ = {isa = PBXBuildFile; fileRef = 645B1C710FBA278D007978DF /* RakMemoryOverride.cpp */; };
		645B1CDA0FBA278D007978DF /* RakNetCommandParser.cpp in Sources */ = {isa = PBXBuildFile; fileRef = 645B1C760FBA278D007978DF /* RakNetCommandParser.cpp */; };
		645B1CDB0FBA278D007978DF /* RakNetStatistics.cpp in Sources */ = {isa = PBXBuildFile; fileRef = 645B1C790FBA278D007978DF /* RakNetStatistics.cpp */; };
		645B1CDC0FBA278D007978DF /* RakNetTransport.cpp in Sources */ = {isa = PBXBuildFile; fileRef = 645B1C7B0FBA278D007978DF /* RakNetTransport.cpp */; };
		645B1CDD0FBA278D007978DF /* RakNetTypes.cpp in Sources */ = {isa = PBXBuildFile; fileRef = 645B1C7D0FBA278D007978DF /* RakNetTypes.cpp */; };
		645B1CDE0FBA278D007978DF /* RakNetworkFactory.cpp in Sources */ = {isa = PBXBuildFile; fileRef = 645B1C7F0FBA278D007978DF /* RakNetworkFactory.cpp */; };
		645B1CDF0FBA278D007978DF /* RakPeer.cpp in Sources */ = {isa = PBXBuildFile; fileRef = 645B1C810FBA278D007978DF /* RakPeer.cpp */; };
		645B1CE00FBA278D007978DF /* RakSleep.cpp in Sources */ = {isa = PBXBuildFile; fileRef = 645B1C840FBA278D007978DF /* RakSleep.cpp */; };
		645B1CE20FBA278D007978DF /* Rand.cpp in Sources */ = {isa = PBXBuildFile; fileRef = 645B1C880FBA278D007978DF /* Rand.cpp */; };
		645B1CE30FBA278D007978DF /* ReliabilityLayer.cpp in Sources */ = {isa = PBXBuildFile; fileRef = 645B1C8A0FBA278D007978DF /* ReliabilityLayer.cpp */; };
		645B1CE40FBA278D007978DF /* ReplicaManager.cpp in Sources */ = {isa = PBXBuildFile; fileRef = 645B1C8E0FBA278D007978DF /* ReplicaManager.cpp */; };
		645B1CE50FBA278D007978DF /* rijndael.cpp in Sources */ = {isa = PBXBuildFile; fileRef = 645B1C910FBA278D007978DF /* rijndael.cpp */; };
		645B1CE60FBA278D007978DF /* Router.cpp in Sources */ = {isa = PBXBuildFile; fileRef = 645B1C930FBA278D007978DF /* Router.cpp */; };
		645B1CE70FBA278D007978DF /* RPCMap.cpp in Sources */ = {isa = PBXBuildFile; fileRef = 645B1C960FBA278D007978DF /* RPCMap.cpp */; };
		645B1CE80FBA278D007978DF /* SHA1.cpp in Sources */ = {isa = PBXBuildFile; fileRef = 645B1C9A0FBA278D007978DF /* SHA1.cpp */; };
		645B1CE90FBA278D007978DF /* SimpleMutex.cpp in Sources */ = {isa = PBXBuildFile; fileRef = 645B1C9C0FBA278D007978DF /* SimpleMutex.cpp */; };
		645B1CEA0FBA278D007978DF /* SocketLayer.cpp in Sources */ = {isa = PBXBuildFile; fileRef = 645B1CA00FBA278D007978DF /* SocketLayer.cpp */; };
		645B1CEB0FBA278D007978DF /* StringCompressor.cpp in Sources */ = {isa = PBXBuildFile; fileRef = 645B1CA20FBA278D007978DF /* StringCompressor.cpp */; };
		645B1CEC0FBA278D007978DF /* StringTable.cpp in Sources */ = {isa = PBXBuildFile; fileRef = 645B1CA40FBA278D007978DF /* StringTable.cpp */; };
		645B1CED0FBA278D007978DF /* SystemAddressList.cpp in Sources */ = {isa = PBXBuildFile; fileRef = 645B1CA60FBA278D007978DF /* SystemAddressList.cpp */; };
		645B1CEE0FBA278D007978DF /* TableSerializer.cpp in Sources */ = {isa = PBXBuildFile; fileRef = 645B1CA80FBA278D007978DF /* TableSerializer.cpp */; };
		645B1CEF0FBA278D007978DF /* TCPInterface.cpp in Sources */ = {isa = PBXBuildFile; fileRef = 645B1CAA0FBA278D007978DF /* TCPInterface.cpp */; };
		645B1CF00FBA278D007978DF /* TelnetTransport.cpp in Sources */ = {isa = PBXBuildFile; fileRef = 645B1CAC0FBA278D007978DF /* TelnetTransport.cpp */; };
		645B1CF10FBA278D007978DF /* ThreadsafePacketLogger.cpp in Sources */ = {isa = PBXBuildFile; fileRef = 645B1CAF0FBA278D007978DF /* ThreadsafePacketLogger.cpp */; };
		648153ED12D4C43800FD8891 /* Log.cpp in Sources */ = {isa = PBXBuildFile; fileRef = 648153E912D4C43800FD8891 /* Log.cpp */; };
		648153EE12D4C43800FD8891 /* Utility.cpp in Sources */ = {isa = PBXBuildFile; fileRef = 648153EB12D4C43800FD8891 /* Utility.cpp */; };
/* End PBXBuildFile section */

/* Begin PBXCopyFilesBuildPhase section */
		8DD76F690486A84900D96B5E /* CopyFiles */ = {
			isa = PBXCopyFilesBuildPhase;
			buildActionMask = 8;
			dstPath = /usr/share/man/man1/;
			dstSubfolderSpec = 0;
			files = (
			);
			runOnlyForDeploymentPostprocessing = 1;
		};
/* End PBXCopyFilesBuildPhase section */

/* Begin PBXFileReference section */
		6458A45F121BEA6300D40A32 /* BigInt.cpp */ = {isa = PBXFileReference; fileEncoding = 4; lastKnownFileType = sourcecode.cpp.cpp; path = BigInt.cpp; sourceTree = "<group>"; };
		6458A460121BEA6300D40A32 /* BigInt.h */ = {isa = PBXFileReference; fileEncoding = 4; lastKnownFileType = sourcecode.c.h; path = BigInt.h; sourceTree = "<group>"; };
		6458A461121BEA6300D40A32 /* CCRakNetUDT.cpp */ = {isa = PBXFileReference; fileEncoding = 4; lastKnownFileType = sourcecode.cpp.cpp; path = CCRakNetUDT.cpp; sourceTree = "<group>"; };
		6458A462121BEA6300D40A32 /* CCRakNetUDT.h */ = {isa = PBXFileReference; fileEncoding = 4; lastKnownFileType = sourcecode.c.h; path = CCRakNetUDT.h; sourceTree = "<group>"; };
		6458A463121BEA6300D40A32 /* NativeFeatureIncludes.h */ = {isa = PBXFileReference; fileEncoding = 4; lastKnownFileType = sourcecode.c.h; path = NativeFeatureIncludes.h; sourceTree = "<group>"; };
		6458A464121BEA6300D40A32 /* NativeFeatureIncludesOverrides.h */ = {isa = PBXFileReference; fileEncoding = 4; lastKnownFileType = sourcecode.c.h; path = NativeFeatureIncludesOverrides.h; sourceTree = "<group>"; };
		6458A465121BEA6300D40A32 /* NatPunchthroughServer.cpp */ = {isa = PBXFileReference; fileEncoding = 4; lastKnownFileType = sourcecode.cpp.cpp; path = NatPunchthroughServer.cpp; sourceTree = "<group>"; };
		6458A466121BEA6300D40A32 /* NatPunchthroughServer.h */ = {isa = PBXFileReference; fileEncoding = 4; lastKnownFileType = sourcecode.c.h; path = NatPunchthroughServer.h; sourceTree = "<group>"; };
		6458A467121BEA6300D40A32 /* PluginInterface2.cpp */ = {isa = PBXFileReference; fileEncoding = 4; lastKnownFileType = sourcecode.cpp.cpp; path = PluginInterface2.cpp; sourceTree = "<group>"; };
		6458A468121BEA6300D40A32 /* PluginInterface2.h */ = {isa = PBXFileReference; fileEncoding = 4; lastKnownFileType = sourcecode.c.h; path = PluginInterface2.h; sourceTree = "<group>"; };
		6458A469121BEA6300D40A32 /* RakNetSocket.cpp */ = {isa = PBXFileReference; fileEncoding = 4; lastKnownFileType = sourcecode.cpp.cpp; path = RakNetSocket.cpp; sourceTree = "<group>"; };
		6458A46A121BEA6300D40A32 /* RakNetSocket.h */ = {isa = PBXFileReference; fileEncoding = 4; lastKnownFileType = sourcecode.c.h; path = RakNetSocket.h; sourceTree = "<group>"; };
		6458A46B121BEA6300D40A32 /* RakString.cpp */ = {isa = PBXFileReference; fileEncoding = 4; lastKnownFileType = sourcecode.cpp.cpp; path = RakString.cpp; sourceTree = "<group>"; };
		6458A46C121BEA6300D40A32 /* RakString.h */ = {isa = PBXFileReference; fileEncoding = 4; lastKnownFileType = sourcecode.c.h; path = RakString.h; sourceTree = "<group>"; };
		6458A46D121BEA6300D40A32 /* RakThread.cpp */ = {isa = PBXFileReference; fileEncoding = 4; lastKnownFileType = sourcecode.cpp.cpp; path = RakThread.cpp; sourceTree = "<group>"; };
		6458A46E121BEA6300D40A32 /* RakThread.h */ = {isa = PBXFileReference; fileEncoding = 4; lastKnownFileType = sourcecode.c.h; path = RakThread.h; sourceTree = "<group>"; };
		6458A46F121BEA6300D40A32 /* RSACrypt.cpp */ = {isa = PBXFileReference; fileEncoding = 4; lastKnownFileType = sourcecode.cpp.cpp; path = RSACrypt.cpp; sourceTree = "<group>"; };
		6458A470121BEA6300D40A32 /* SignaledEvent.cpp */ = {isa = PBXFileReference; fileEncoding = 4; lastKnownFileType = sourcecode.cpp.cpp; path = SignaledEvent.cpp; sourceTree = "<group>"; };
		6458A471121BEA6300D40A32 /* SignaledEvent.h */ = {isa = PBXFileReference; fileEncoding = 4; lastKnownFileType = sourcecode.c.h; path = SignaledEvent.h; sourceTree = "<group>"; };
		6458A472121BEA6300D40A32 /* SuperFastHash.cpp */ = {isa = PBXFileReference; fileEncoding = 4; lastKnownFileType = sourcecode.cpp.cpp; path = SuperFastHash.cpp; sourceTree = "<group>"; };
		6458A473121BEA6300D40A32 /* SuperFastHash.h */ = {isa = PBXFileReference; fileEncoding = 4; lastKnownFileType = sourcecode.c.h; path = SuperFastHash.h; sourceTree = "<group>"; };
		6458A48B121BEAF300D40A32 /* PacketFileLogger.cpp */ = {isa = PBXFileReference; fileEncoding = 4; lastKnownFileType = sourcecode.cpp.cpp; path = PacketFileLogger.cpp; sourceTree = "<group>"; };
		6458A48C121BEAF300D40A32 /* PacketFileLogger.h */ = {isa = PBXFileReference; fileEncoding = 4; lastKnownFileType = sourcecode.c.h; path = PacketFileLogger.h; sourceTree = "<group>"; };
		645B1C070FBA2780007978DF /* Facilitator.cpp */ = {isa = PBXFileReference; fileEncoding = 4; lastKnownFileType = sourcecode.cpp.cpp; name = Facilitator.cpp; path = ../Facilitator.cpp; sourceTree = "<group>"; };
		645B1C0B0FBA278D007978DF /* _FindFirst.cpp */ = {isa = PBXFileReference; fileEncoding = 4; lastKnownFileType = sourcecode.cpp.cpp; path = _FindFirst.cpp; sourceTree = "<group>"; };
		645B1C0C0FBA278D007978DF /* _FindFirst.h */ = {isa = PBXFileReference; fileEncoding = 4; lastKnownFileType = sourcecode.c.h; path = _FindFirst.h; sourceTree = "<group>"; };
		645B1C0D0FBA278D007978DF /* AsynchronousFileIO.cpp */ = {isa = PBXFileReference; fileEncoding = 4; lastKnownFileType = sourcecode.cpp.cpp; path = AsynchronousFileIO.cpp; sourceTree = "<group>"; };
		645B1C0E0FBA278D007978DF /* AsynchronousFileIO.h */ = {isa = PBXFileReference; fileEncoding = 4; lastKnownFileType = sourcecode.c.h; path = AsynchronousFileIO.h; sourceTree = "<group>"; };
		645B1C0F0FBA278D007978DF /* AutopatcherPatchContext.h */ = {isa = PBXFileReference; fileEncoding = 4; lastKnownFileType = sourcecode.c.h; path = AutopatcherPatchContext.h; sourceTree = "<group>"; };
		645B1C100FBA278D007978DF /* AutopatcherRepositoryInterface.h */ = {isa = PBXFileReference; fileEncoding = 4; lastKnownFileType = sourcecode.c.h; path = AutopatcherRepositoryInterface.h; sourceTree = "<group>"; };
		645B1C120FBA278D007978DF /* BitStream.cpp */ = {isa = PBXFileReference; fileEncoding = 4; lastKnownFileType = sourcecode.cpp.cpp; path = BitStream.cpp; sourceTree = "<group>"; };
		645B1C130FBA278D007978DF /* BitStream.h */ = {isa = PBXFileReference; fileEncoding = 4; lastKnownFileType = sourcecode.c.h; path = BitStream.h; sourceTree = "<group>"; };
		645B1C140FBA278D007978DF /* BitStream_NoTemplate.cpp */ = {isa = PBXFileReference; fileEncoding = 4; lastKnownFileType = sourcecode.cpp.cpp; path = BitStream_NoTemplate.cpp; sourceTree = "<group>"; };
		645B1C150FBA278D007978DF /* CheckSum.cpp */ = {isa = PBXFileReference; fileEncoding = 4; lastKnownFileType = sourcecode.cpp.cpp; path = CheckSum.cpp; sourceTree = "<group>"; };
		645B1C160FBA278D007978DF /* CheckSum.h */ = {isa = PBXFileReference; fileEncoding = 4; lastKnownFileType = sourcecode.c.h; path = CheckSum.h; sourceTree = "<group>"; };
		645B1C170FBA278D007978DF /* ClientContextStruct.h */ = {isa = PBXFileReference; fileEncoding = 4; lastKnownFileType = sourcecode.c.h; path = ClientContextStruct.h; sourceTree = "<group>"; };
		645B1C180FBA278D007978DF /* CommandParserInterface.cpp */ = {isa = PBXFileReference; fileEncoding = 4; lastKnownFileType = sourcecode.cpp.cpp; path = CommandParserInterface.cpp; sourceTree = "<group>"; };
		645B1C190FBA278D007978DF /* CommandParserInterface.h */ = {isa = PBXFileReference; fileEncoding = 4; lastKnownFileType = sourcecode.c.h; path = CommandParserInterface.h; sourceTree = "<group>"; };
		645B1C1B0FBA278D007978DF /* ConnectionGraph.cpp */ = {isa = PBXFileReference; fileEncoding = 4; lastKnownFileType = sourcecode.cpp.cpp; path = ConnectionGraph.cpp; sourceTree = "<group>"; };
		645B1C1C0FBA278D007978DF /* ConnectionGraph.h */ = {isa = PBXFileReference; fileEncoding = 4; lastKnownFileType = sourcecode.c.h; path = ConnectionGraph.h; sourceTree = "<group>"; };
		645B1C1D0FBA278D007978DF /* ConsoleServer.cpp */ = {isa = PBXFileReference; fileEncoding = 4; lastKnownFileType = sourcecode.cpp.cpp; path = ConsoleServer.cpp; sourceTree = "<group>"; };
		645B1C1E0FBA278D007978DF /* ConsoleServer.h */ = {isa = PBXFileReference; fileEncoding = 4; lastKnownFileType = sourcecode.c.h; path = ConsoleServer.h; sourceTree = "<group>"; };
		645B1C1F0FBA278D007978DF /* DataBlockEncryptor.cpp */ = {isa = PBXFileReference; fileEncoding = 4; lastKnownFileType = sourcecode.cpp.cpp; path = DataBlockEncryptor.cpp; sourceTree = "<group>"; };
		645B1C200FBA278D007978DF /* DataBlockEncryptor.h */ = {isa = PBXFileReference; fileEncoding = 4; lastKnownFileType = sourcecode.c.h; path = DataBlockEncryptor.h; sourceTree = "<group>"; };
		645B1C210FBA278D007978DF /* DataCompressor.cpp */ = {isa = PBXFileReference; fileEncoding = 4; lastKnownFileType = sourcecode.cpp.cpp; path = DataCompressor.cpp; sourceTree = "<group>"; };
		645B1C220FBA278D007978DF /* DataCompressor.h */ = {isa = PBXFileReference; fileEncoding = 4; lastKnownFileType = sourcecode.c.h; path = DataCompressor.h; sourceTree = "<group>"; };
		645B1C230FBA278D007978DF /* DirectoryDeltaTransfer.cpp */ = {isa = PBXFileReference; fileEncoding = 4; lastKnownFileType = sourcecode.cpp.cpp; path = DirectoryDeltaTransfer.cpp; sourceTree = "<group>"; };
		645B1C240FBA278D007978DF /* DirectoryDeltaTransfer.h */ = {isa = PBXFileReference; fileEncoding = 4; lastKnownFileType = sourcecode.c.h; path = DirectoryDeltaTransfer.h; sourceTree = "<group>"; };
		645B1C250FBA278D007978DF /* DS_BinarySearchTree.h */ = {isa = PBXFileReference; fileEncoding = 4; lastKnownFileType = sourcecode.c.h; path = DS_BinarySearchTree.h; sourceTree = "<group>"; };
		645B1C260FBA278D007978DF /* DS_BPlusTree.h */ = {isa = PBXFileReference; fileEncoding = 4; lastKnownFileType = sourcecode.c.h; path = DS_BPlusTree.h; sourceTree = "<group>"; };
		645B1C270FBA278D007978DF /* DS_BytePool.cpp */ = {isa = PBXFileReference; fileEncoding = 4; lastKnownFileType = sourcecode.cpp.cpp; path = DS_BytePool.cpp; sourceTree = "<group>"; };
		645B1C280FBA278D007978DF /* DS_BytePool.h */ = {isa = PBXFileReference; fileEncoding = 4; lastKnownFileType = sourcecode.c.h; path = DS_BytePool.h; sourceTree = "<group>"; };
		645B1C290FBA278D007978DF /* DS_ByteQueue.cpp */ = {isa = PBXFileReference; fileEncoding = 4; lastKnownFileType = sourcecode.cpp.cpp; path = DS_ByteQueue.cpp; sourceTree = "<group>"; };
		645B1C2A0FBA278D007978DF /* DS_ByteQueue.h */ = {isa = PBXFileReference; fileEncoding = 4; lastKnownFileType = sourcecode.c.h; path = DS_ByteQueue.h; sourceTree = "<group>"; };
		645B1C2B0FBA278D007978DF /* DS_Heap.h */ = {isa = PBXFileReference; fileEncoding = 4; lastKnownFileType = sourcecode.c.h; path = DS_Heap.h; sourceTree = "<group>"; };
		645B1C2C0FBA278D007978DF /* DS_HuffmanEncodingTree.cpp */ = {isa = PBXFileReference; fileEncoding = 4; lastKnownFileType = sourcecode.cpp.cpp; path = DS_HuffmanEncodingTree.cpp; sourceTree = "<group>"; };
		645B1C2D0FBA278D007978DF /* DS_HuffmanEncodingTree.h */ = {isa = PBXFileReference; fileEncoding = 4; lastKnownFileType = sourcecode.c.h; path = DS_HuffmanEncodingTree.h; sourceTree = "<group>"; };
		645B1C2E0FBA278D007978DF /* DS_HuffmanEncodingTreeFactory.h */ = {isa = PBXFileReference; fileEncoding = 4; lastKnownFileType = sourcecode.c.h; path = DS_HuffmanEncodingTreeFactory.h; sourceTree = "<group>"; };
		645B1C2F0FBA278D007978DF /* DS_HuffmanEncodingTreeNode.h */ = {isa = PBXFileReference; fileEncoding = 4; lastKnownFileType = sourcecode.c.h; path = DS_HuffmanEncodingTreeNode.h; sourceTree = "<group>"; };
		645B1C300FBA278D007978DF /* DS_LinkedList.h */ = {isa = PBXFileReference; fileEncoding = 4; lastKnownFileType = sourcecode.c.h; path = DS_LinkedList.h; sourceTree = "<group>"; };
		645B1C310FBA278D007978DF /* DS_List.h */ = {isa = PBXFileReference; fileEncoding = 4; lastKnownFileType = sourcecode.c.h; path = DS_List.h; sourceTree = "<group>"; };
		645B1C320FBA278D007978DF /* DS_Map.h */ = {isa = PBXFileReference; fileEncoding = 4; lastKnownFileType = sourcecode.c.h; path = DS_Map.h; sourceTree = "<group>"; };
		645B1C330FBA278D007978DF /* DS_MemoryPool.h */ = {isa = PBXFileReference; fileEncoding = 4; lastKnownFileType = sourcecode.c.h; path = DS_MemoryPool.h; sourceTree = "<group>"; };
		645B1C340FBA278D007978DF /* DS_OrderedChannelHeap.h */ = {isa = PBXFileReference; fileEncoding = 4; lastKnownFileType = sourcecode.c.h; path = DS_OrderedChannelHeap.h; sourceTree = "<group>"; };
		645B1C350FBA278D007978DF /* DS_OrderedList.h */ = {isa = PBXFileReference; fileEncoding = 4; lastKnownFileType = sourcecode.c.h; path = DS_OrderedList.h; sourceTree = "<group>"; };
		645B1C360FBA278D007978DF /* DS_Queue.h */ = {isa = PBXFileReference; fileEncoding = 4; lastKnownFileType = sourcecode.c.h; path = DS_Queue.h; sourceTree = "<group>"; };
		645B1C370FBA278D007978DF /* DS_QueueLinkedList.h */ = {isa = PBXFileReference; fileEncoding = 4; lastKnownFileType = sourcecode.c.h; path = DS_QueueLinkedList.h; sourceTree = "<group>"; };
		645B1C380FBA278D007978DF /* DS_RangeList.h */ = {isa = PBXFileReference; fileEncoding = 4; lastKnownFileType = sourcecode.c.h; path = DS_RangeList.h; sourceTree = "<group>"; };
		645B1C390FBA278D007978DF /* DS_Table.cpp */ = {isa = PBXFileReference; fileEncoding = 4; lastKnownFileType = sourcecode.cpp.cpp; path = DS_Table.cpp; sourceTree = "<group>"; };
		645B1C3A0FBA278D007978DF /* DS_Table.h */ = {isa = PBXFileReference; fileEncoding = 4; lastKnownFileType = sourcecode.c.h; path = DS_Table.h; sourceTree = "<group>"; };
		645B1C3B0FBA278D007978DF /* DS_Tree.h */ = {isa = PBXFileReference; fileEncoding = 4; lastKnownFileType = sourcecode.c.h; path = DS_Tree.h; sourceTree = "<group>"; };
		645B1C3C0FBA278D007978DF /* DS_WeightedGraph.h */ = {isa = PBXFileReference; fileEncoding = 4; lastKnownFileType = sourcecode.c.h; path = DS_WeightedGraph.h; sourceTree = "<group>"; };
		645B1C3D0FBA278D007978DF /* EmailSender.cpp */ = {isa = PBXFileReference; fileEncoding = 4; lastKnownFileType = sourcecode.cpp.cpp; path = EmailSender.cpp; sourceTree = "<group>"; };
		645B1C3E0FBA278D007978DF /* EmailSender.h */ = {isa = PBXFileReference; fileEncoding = 4; lastKnownFileType = sourcecode.c.h; path = EmailSender.h; sourceTree = "<group>"; };
		645B1C3F0FBA278D007978DF /* EncodeClassName.cpp */ = {isa = PBXFileReference; fileEncoding = 4; lastKnownFileType = sourcecode.cpp.cpp; path = EncodeClassName.cpp; sourceTree = "<group>"; };
		645B1C400FBA278D007978DF /* Export.h */ = {isa = PBXFileReference; fileEncoding = 4; lastKnownFileType = sourcecode.c.h; path = Export.h; sourceTree = "<group>"; };
		645B1C410FBA278D007978DF /* ExtendedOverlappedPool.cpp */ = {isa = PBXFileReference; fileEncoding = 4; lastKnownFileType = sourcecode.cpp.cpp; path = ExtendedOverlappedPool.cpp; sourceTree = "<group>"; };
		645B1C420FBA278D007978DF /* ExtendedOverlappedPool.h */ = {isa = PBXFileReference; fileEncoding = 4; lastKnownFileType = sourcecode.c.h; path = ExtendedOverlappedPool.h; sourceTree = "<group>"; };
		645B1C430FBA278D007978DF /* FileList.cpp */ = {isa = PBXFileReference; fileEncoding = 4; lastKnownFileType = sourcecode.cpp.cpp; path = FileList.cpp; sourceTree = "<group>"; };
		645B1C440FBA278D007978DF /* FileList.h */ = {isa = PBXFileReference; fileEncoding = 4; lastKnownFileType = sourcecode.c.h; path = FileList.h; sourceTree = "<group>"; };
		645B1C450FBA278D007978DF /* FileListTransfer.cpp */ = {isa = PBXFileReference; fileEncoding = 4; lastKnownFileType = sourcecode.cpp.cpp; path = FileListTransfer.cpp; sourceTree = "<group>"; };
		645B1C460FBA278D007978DF /* FileListTransfer.h */ = {isa = PBXFileReference; fileEncoding = 4; lastKnownFileType = sourcecode.c.h; path = FileListTransfer.h; sourceTree = "<group>"; };
		645B1C470FBA278D007978DF /* FileListTransferCBInterface.h */ = {isa = PBXFileReference; fileEncoding = 4; lastKnownFileType = sourcecode.c.h; path = FileListTransferCBInterface.h; sourceTree = "<group>"; };
		645B1C480FBA278D007978DF /* FileOperations.cpp */ = {isa = PBXFileReference; fileEncoding = 4; lastKnownFileType = sourcecode.cpp.cpp; path = FileOperations.cpp; sourceTree = "<group>"; };
		645B1C490FBA278D007978DF /* FileOperations.h */ = {isa = PBXFileReference; fileEncoding = 4; lastKnownFileType = sourcecode.c.h; path = FileOperations.h; sourceTree = "<group>"; };
		645B1C4A0FBA278D007978DF /* FullyConnectedMesh.cpp */ = {isa = PBXFileReference; fileEncoding = 4; lastKnownFileType = sourcecode.cpp.cpp; path = FullyConnectedMesh.cpp; sourceTree = "<group>"; };
		645B1C4B0FBA278D007978DF /* FullyConnectedMesh.h */ = {isa = PBXFileReference; fileEncoding = 4; lastKnownFileType = sourcecode.c.h; path = FullyConnectedMesh.h; sourceTree = "<group>"; };
		645B1C4C0FBA278D007978DF /* GetTime.cpp */ = {isa = PBXFileReference; fileEncoding = 4; lastKnownFileType = sourcecode.cpp.cpp; path = GetTime.cpp; sourceTree = "<group>"; };
		645B1C4D0FBA278D007978DF /* GetTime.h */ = {isa = PBXFileReference; fileEncoding = 4; lastKnownFileType = sourcecode.c.h; path = GetTime.h; sourceTree = "<group>"; };
		645B1C4E0FBA278D007978DF /* InternalPacket.h */ = {isa = PBXFileReference; fileEncoding = 4; lastKnownFileType = sourcecode.c.h; path = InternalPacket.h; sourceTree = "<group>"; };
		645B1C4F0FBA278D007978DF /* Itoa.cpp */ = {isa = PBXFileReference; fileEncoding = 4; lastKnownFileType = sourcecode.cpp.cpp; path = Itoa.cpp; sourceTree = "<group>"; };
		645B1C500FBA278D007978DF /* Itoa.h */ = {isa = PBXFileReference; fileEncoding = 4; lastKnownFileType = sourcecode.c.h; path = Itoa.h; sourceTree = "<group>"; };
		645B1C570FBA278D007978DF /* LinuxStrings.cpp */ = {isa = PBXFileReference; fileEncoding = 4; lastKnownFileType = sourcecode.cpp.cpp; path = LinuxStrings.cpp; sourceTree = "<group>"; };
		645B1C580FBA278D007978DF /* LinuxStrings.h */ = {isa = PBXFileReference; fileEncoding = 4; lastKnownFileType = sourcecode.c.h; path = LinuxStrings.h; sourceTree = "<group>"; };
		645B1C590FBA278D007978DF /* LogCommandParser.cpp */ = {isa = PBXFileReference; fileEncoding = 4; lastKnownFileType = sourcecode.cpp.cpp; path = LogCommandParser.cpp; sourceTree = "<group>"; };
		645B1C5A0FBA278D007978DF /* LogCommandParser.h */ = {isa = PBXFileReference; fileEncoding = 4; lastKnownFileType = sourcecode.c.h; path = LogCommandParser.h; sourceTree = "<group>"; };
		645B1C5C0FBA278D007978DF /* MessageFilter.cpp */ = {isa = PBXFileReference; fileEncoding = 4; lastKnownFileType = sourcecode.cpp.cpp; path = MessageFilter.cpp; sourceTree = "<group>"; };
		645B1C5D0FBA278D007978DF /* MessageFilter.h */ = {isa = PBXFileReference; fileEncoding = 4; lastKnownFileType = sourcecode.c.h; path = MessageFilter.h; sourceTree = "<group>"; };
		645B1C5E0FBA278D007978DF /* MessageIdentifiers.h */ = {isa = PBXFileReference; fileEncoding = 4; lastKnownFileType = sourcecode.c.h; path = MessageIdentifiers.h; sourceTree = "<group>"; };
		645B1C5F0FBA278D007978DF /* MTUSize.h */ = {isa = PBXFileReference; fileEncoding = 4; lastKnownFileType = sourcecode.c.h; path = MTUSize.h; sourceTree = "<group>"; };
		645B1C620FBA278D007978DF /* NetworkIDManager.cpp */ = {isa = PBXFileReference; fileEncoding = 4; lastKnownFileType = sourcecode.cpp.cpp; path = NetworkIDManager.cpp; sourceTree = "<group>"; };
		645B1C630FBA278D007978DF /* NetworkIDManager.h */ = {isa = PBXFileReference; fileEncoding = 4; lastKnownFileType = sourcecode.c.h; path = NetworkIDManager.h; sourceTree = "<group>"; };
		645B1C640FBA278D007978DF /* NetworkIDObject.cpp */ = {isa = PBXFileReference; fileEncoding = 4; lastKnownFileType = sourcecode.cpp.cpp; path = NetworkIDObject.cpp; sourceTree = "<group>"; };
		645B1C650FBA278D007978DF /* NetworkIDObject.h */ = {isa = PBXFileReference; fileEncoding = 4; lastKnownFileType = sourcecode.c.h; path = NetworkIDObject.h; sourceTree = "<group>"; };
		645B1C6A0FBA278D007978DF /* PacketLogger.cpp */ = {isa = PBXFileReference; fileEncoding = 4; lastKnownFileType = sourcecode.cpp.cpp; path = PacketLogger.cpp; sourceTree = "<group>"; };
		645B1C6B0FBA278D007978DF /* PacketLogger.h */ = {isa = PBXFileReference; fileEncoding = 4; lastKnownFileType = sourcecode.c.h; path = PacketLogger.h; sourceTree = "<group>"; };
		645B1C6C0FBA278D007978DF /* PacketPool.h */ = {isa = PBXFileReference; fileEncoding = 4; lastKnownFileType = sourcecode.c.h; path = PacketPool.h; sourceTree = "<group>"; };
		645B1C6D0FBA278D007978DF /* PacketPriority.h */ = {isa = PBXFileReference; fileEncoding = 4; lastKnownFileType = sourcecode.c.h; path = PacketPriority.h; sourceTree = "<group>"; };
		645B1C6E0FBA278D007978DF /* PluginInterface.cpp */ = {isa = PBXFileReference; fileEncoding = 4; lastKnownFileType = sourcecode.cpp.cpp; path = PluginInterface.cpp; sourceTree = "<group>"; };
		645B1C6F0FBA278D007978DF /* PluginInterface.h */ = {isa = PBXFileReference; fileEncoding = 4; lastKnownFileType = sourcecode.c.h; path = PluginInterface.h; sourceTree = "<group>"; };
		645B1C700FBA278D007978DF /* RakAssert.h */ = {isa = PBXFileReference; fileEncoding = 4; lastKnownFileType = sourcecode.c.h; path = RakAssert.h; sourceTree = "<group>"; };
		645B1C710FBA278D007978DF /* RakMemoryOverride.cpp */ = {isa = PBXFileReference; fileEncoding = 4; lastKnownFileType = sourcecode.cpp.cpp; path = RakMemoryOverride.cpp; sourceTree = "<group>"; };
		645B1C720FBA278D007978DF /* RakMemoryOverride.h */ = {isa = PBXFileReference; fileEncoding = 4; lastKnownFileType = sourcecode.c.h; path = RakMemoryOverride.h; sourceTree = "<group>"; };
		645B1C760FBA278D007978DF /* RakNetCommandParser.cpp */ = {isa = PBXFileReference; fileEncoding = 4; lastKnownFileType = sourcecode.cpp.cpp; path = RakNetCommandParser.cpp; sourceTree = "<group>"; };
		645B1C770FBA278D007978DF /* RakNetCommandParser.h */ = {isa = PBXFileReference; fileEncoding = 4; lastKnownFileType = sourcecode.c.h; path = RakNetCommandParser.h; sourceTree = "<group>"; };
		645B1C780FBA278D007978DF /* RakNetDefines.h */ = {isa = PBXFileReference; fileEncoding = 4; lastKnownFileType = sourcecode.c.h; path = RakNetDefines.h; sourceTree = "<group>"; };
		645B1C790FBA278D007978DF /* RakNetStatistics.cpp */ = {isa = PBXFileReference; fileEncoding = 4; lastKnownFileType = sourcecode.cpp.cpp; path = RakNetStatistics.cpp; sourceTree = "<group>"; };
		645B1C7A0FBA278D007978DF /* RakNetStatistics.h */ = {isa = PBXFileReference; fileEncoding = 4; lastKnownFileType = sourcecode.c.h; path = RakNetStatistics.h; sourceTree = "<group>"; };
		645B1C7B0FBA278D007978DF /* RakNetTransport.cpp */ = {isa = PBXFileReference; fileEncoding = 4; lastKnownFileType = sourcecode.cpp.cpp; path = RakNetTransport.cpp; sourceTree = "<group>"; };
		645B1C7C0FBA278D007978DF /* RakNetTransport.h */ = {isa = PBXFileReference; fileEncoding = 4; lastKnownFileType = sourcecode.c.h; path = RakNetTransport.h; sourceTree = "<group>"; };
		645B1C7D0FBA278D007978DF /* RakNetTypes.cpp */ = {isa = PBXFileReference; fileEncoding = 4; lastKnownFileType = sourcecode.cpp.cpp; path = RakNetTypes.cpp; sourceTree = "<group>"; };
		645B1C7E0FBA278D007978DF /* RakNetTypes.h */ = {isa = PBXFileReference; fileEncoding = 4; lastKnownFileType = sourcecode.c.h; path = RakNetTypes.h; sourceTree = "<group>"; };
		645B1C7F0FBA278D007978DF /* RakNetworkFactory.cpp */ = {isa = PBXFileReference; fileEncoding = 4; lastKnownFileType = sourcecode.cpp.cpp; path = RakNetworkFactory.cpp; sourceTree = "<group>"; };
		645B1C800FBA278D007978DF /* RakNetworkFactory.h */ = {isa = PBXFileReference; fileEncoding = 4; lastKnownFileType = sourcecode.c.h; path = RakNetworkFactory.h; sourceTree = "<group>"; };
		645B1C810FBA278D007978DF /* RakPeer.cpp */ = {isa = PBXFileReference; fileEncoding = 4; lastKnownFileType = sourcecode.cpp.cpp; path = RakPeer.cpp; sourceTree = "<group>"; };
		645B1C820FBA278D007978DF /* RakPeer.h */ = {isa = PBXFileReference; fileEncoding = 4; lastKnownFileType = sourcecode.c.h; path = RakPeer.h; sourceTree = "<group>"; };
		645B1C830FBA278D007978DF /* RakPeerInterface.h */ = {isa = PBXFileReference; fileEncoding = 4; lastKnownFileType = sourcecode.c.h; path = RakPeerInterface.h; sourceTree = "<group>"; };
		645B1C840FBA278D007978DF /* RakSleep.cpp */ = {isa = PBXFileReference; fileEncoding = 4; lastKnownFileType = sourcecode.cpp.cpp; path = RakSleep.cpp; sourceTree = "<group>"; };
		645B1C850FBA278D007978DF /* RakSleep.h */ = {isa = PBXFileReference; fileEncoding = 4; lastKnownFileType = sourcecode.c.h; path = RakSleep.h; sourceTree = "<group>"; };
		645B1C880FBA278D007978DF /* Rand.cpp */ = {isa = PBXFileReference; fileEncoding = 4; lastKnownFileType = sourcecode.cpp.cpp; path = Rand.cpp; sourceTree = "<group>"; };
		645B1C890FBA278D007978DF /* Rand.h */ = {isa = PBXFileReference; fileEncoding = 4; lastKnownFileType = sourcecode.c.h; path = Rand.h; sourceTree = "<group>"; };
		645B1C8A0FBA278D007978DF /* ReliabilityLayer.cpp */ = {isa = PBXFileReference; fileEncoding = 4; lastKnownFileType = sourcecode.cpp.cpp; path = ReliabilityLayer.cpp; sourceTree = "<group>"; };
		645B1C8B0FBA278D007978DF /* ReliabilityLayer.h */ = {isa = PBXFileReference; fileEncoding = 4; lastKnownFileType = sourcecode.c.h; path = ReliabilityLayer.h; sourceTree = "<group>"; };
		645B1C8C0FBA278D007978DF /* Replica.h */ = {isa = PBXFileReference; fileEncoding = 4; lastKnownFileType = sourcecode.c.h; path = Replica.h; sourceTree = "<group>"; };
		645B1C8D0FBA278D007978DF /* ReplicaEnums.h */ = {isa = PBXFileReference; fileEncoding = 4; lastKnownFileType = sourcecode.c.h; path = ReplicaEnums.h; sourceTree = "<group>"; };
		645B1C8E0FBA278D007978DF /* ReplicaManager.cpp */ = {isa = PBXFileReference; fileEncoding = 4; lastKnownFileType = sourcecode.cpp.cpp; path = ReplicaManager.cpp; sourceTree = "<group>"; };
		645B1C8F0FBA278D007978DF /* ReplicaManager.h */ = {isa = PBXFileReference; fileEncoding = 4; lastKnownFileType = sourcecode.c.h; path = ReplicaManager.h; sourceTree = "<group>"; };
		645B1C900FBA278D007978DF /* Rijndael-Boxes.h */ = {isa = PBXFileReference; fileEncoding = 4; lastKnownFileType = sourcecode.c.h; path = "Rijndael-Boxes.h"; sourceTree = "<group>"; };
		645B1C910FBA278D007978DF /* rijndael.cpp */ = {isa = PBXFileReference; fileEncoding = 4; lastKnownFileType = sourcecode.cpp.cpp; path = rijndael.cpp; sourceTree = "<group>"; };
		645B1C920FBA278D007978DF /* Rijndael.h */ = {isa = PBXFileReference; fileEncoding = 4; lastKnownFileType = sourcecode.c.h; path = Rijndael.h; sourceTree = "<group>"; };
		645B1C930FBA278D007978DF /* Router.cpp */ = {isa = PBXFileReference; fileEncoding = 4; lastKnownFileType = sourcecode.cpp.cpp; path = Router.cpp; sourceTree = "<group>"; };
		645B1C940FBA278D007978DF /* Router.h */ = {isa = PBXFileReference; fileEncoding = 4; lastKnownFileType = sourcecode.c.h; path = Router.h; sourceTree = "<group>"; };
		645B1C950FBA278D007978DF /* RouterInterface.h */ = {isa = PBXFileReference; fileEncoding = 4; lastKnownFileType = sourcecode.c.h; path = RouterInterface.h; sourceTree = "<group>"; };
		645B1C960FBA278D007978DF /* RPCMap.cpp */ = {isa = PBXFileReference; fileEncoding = 4; lastKnownFileType = sourcecode.cpp.cpp; path = RPCMap.cpp; sourceTree = "<group>"; };
		645B1C970FBA278D007978DF /* RPCMap.h */ = {isa = PBXFileReference; fileEncoding = 4; lastKnownFileType = sourcecode.c.h; path = RPCMap.h; sourceTree = "<group>"; };
		645B1C980FBA278D007978DF /* RPCNode.h */ = {isa = PBXFileReference; fileEncoding = 4; lastKnownFileType = sourcecode.c.h; path = RPCNode.h; sourceTree = "<group>"; };
		645B1C990FBA278D007978DF /* RSACrypt.h */ = {isa = PBXFileReference; fileEncoding = 4; lastKnownFileType = sourcecode.c.h; path = RSACrypt.h; sourceTree = "<group>"; };
		645B1C9A0FBA278D007978DF /* SHA1.cpp */ = {isa = PBXFileReference; fileEncoding = 4; lastKnownFileType = sourcecode.cpp.cpp; path = SHA1.cpp; sourceTree = "<group>"; };
		645B1C9B0FBA278D007978DF /* SHA1.h */ = {isa = PBXFileReference; fileEncoding = 4; lastKnownFileType = sourcecode.c.h; path = SHA1.h; sourceTree = "<group>"; };
		645B1C9C0FBA278D007978DF /* SimpleMutex.cpp */ = {isa = PBXFileReference; fileEncoding = 4; lastKnownFileType = sourcecode.cpp.cpp; path = SimpleMutex.cpp; sourceTree = "<group>"; };
		645B1C9D0FBA278D007978DF /* SimpleMutex.h */ = {isa = PBXFileReference; fileEncoding = 4; lastKnownFileType = sourcecode.c.h; path = SimpleMutex.h; sourceTree = "<group>"; };
		645B1C9E0FBA278D007978DF /* SimpleTCPServer.h */ = {isa = PBXFileReference; fileEncoding = 4; lastKnownFileType = sourcecode.c.h; path = SimpleTCPServer.h; sourceTree = "<group>"; };
		645B1C9F0FBA278D007978DF /* SingleProducerConsumer.h */ = {isa = PBXFileReference; fileEncoding = 4; lastKnownFileType = sourcecode.c.h; path = SingleProducerConsumer.h; sourceTree = "<group>"; };
		645B1CA00FBA278D007978DF /* SocketLayer.cpp */ = {isa = PBXFileReference; fileEncoding = 4; lastKnownFileType = sourcecode.cpp.cpp; path = SocketLayer.cpp; sourceTree = "<group>"; };
		645B1CA10FBA278D007978DF /* SocketLayer.h */ = {isa = PBXFileReference; fileEncoding = 4; lastKnownFileType = sourcecode.c.h; path = SocketLayer.h; sourceTree = "<group>"; };
		645B1CA20FBA278D007978DF /* StringCompressor.cpp */ = {isa = PBXFileReference; fileEncoding = 4; lastKnownFileType = sourcecode.cpp.cpp; path = StringCompressor.cpp; sourceTree = "<group>"; };
		645B1CA30FBA278D007978DF /* StringCompressor.h */ = {isa = PBXFileReference; fileEncoding = 4; lastKnownFileType = sourcecode.c.h; path = StringCompressor.h; sourceTree = "<group>"; };
		645B1CA40FBA278D007978DF /* StringTable.cpp */ = {isa = PBXFileReference; fileEncoding = 4; lastKnownFileType = sourcecode.cpp.cpp; path = StringTable.cpp; sourceTree = "<group>"; };
		645B1CA50FBA278D007978DF /* StringTable.h */ = {isa = PBXFileReference; fileEncoding = 4; lastKnownFileType = sourcecode.c.h; path = StringTable.h; sourceTree = "<group>"; };
		645B1CA60FBA278D007978DF /* SystemAddressList.cpp */ = {isa = PBXFileReference; fileEncoding = 4; lastKnownFileType = sourcecode.cpp.cpp; path = SystemAddressList.cpp; sourceTree = "<group>"; };
		645B1CA70FBA278D007978DF /* SystemAddressList.h */ = {isa = PBXFileReference; fileEncoding = 4; lastKnownFileType = sourcecode.c.h; path = SystemAddressList.h; sourceTree = "<group>"; };
		645B1CA80FBA278D007978DF /* TableSerializer.cpp */ = {isa = PBXFileReference; fileEncoding = 4; lastKnownFileType = sourcecode.cpp.cpp; path = TableSerializer.cpp; sourceTree = "<group>"; };
		645B1CA90FBA278D007978DF /* TableSerializer.h */ = {isa = PBXFileReference; fileEncoding = 4; lastKnownFileType = sourcecode.c.h; path = TableSerializer.h; sourceTree = "<group>"; };
		645B1CAA0FBA278D007978DF /* TCPInterface.cpp */ = {isa = PBXFileReference; fileEncoding = 4; lastKnownFileType = sourcecode.cpp.cpp; path = TCPInterface.cpp; sourceTree = "<group>"; };
		645B1CAB0FBA278D007978DF /* TCPInterface.h */ = {isa = PBXFileReference; fileEncoding = 4; lastKnownFileType = sourcecode.c.h; path = TCPInterface.h; sourceTree = "<group>"; };
		645B1CAC0FBA278D007978DF /* TelnetTransport.cpp */ = {isa = PBXFileReference; fileEncoding = 4; lastKnownFileType = sourcecode.cpp.cpp; path = TelnetTransport.cpp; sourceTree = "<group>"; };
		645B1CAD0FBA278D007978DF /* TelnetTransport.h */ = {isa = PBXFileReference; fileEncoding = 4; lastKnownFileType = sourcecode.c.h; path = TelnetTransport.h; sourceTree = "<group>"; };
		645B1CAE0FBA278D007978DF /* ThreadPool.h */ = {isa = PBXFileReference; fileEncoding = 4; lastKnownFileType = sourcecode.c.h; path = ThreadPool.h; sourceTree = "<group>"; };
		645B1CAF0FBA278D007978DF /* ThreadsafePacketLogger.cpp */ = {isa = PBXFileReference; fileEncoding = 4; lastKnownFileType = sourcecode.cpp.cpp; path = ThreadsafePacketLogger.cpp; sourceTree = "<group>"; };
		645B1CB00FBA278D007978DF /* ThreadsafePacketLogger.h */ = {isa = PBXFileReference; fileEncoding = 4; lastKnownFileType = sourcecode.c.h; path = ThreadsafePacketLogger.h; sourceTree = "<group>"; };
		645B1CB10FBA278D007978DF /* TransportInterface.h */ = {isa = PBXFileReference; fileEncoding = 4; lastKnownFileType = sourcecode.c.h; path = TransportInterface.h; sourceTree = "<group>"; };
		648153E912D4C43800FD8891 /* Log.cpp */ = {isa = PBXFileReference; fileEncoding = 4; lastKnownFileType = sourcecode.cpp.cpp; name = Log.cpp; path = ../Common/Log.cpp; sourceTree = SOURCE_ROOT; };
		648153EA12D4C43800FD8891 /* Log.h */ = {isa = PBXFileReference; fileEncoding = 4; lastKnownFileType = sourcecode.c.h; name = Log.h; path = ../Common/Log.h; sourceTree = SOURCE_ROOT; };
		648153EB12D4C43800FD8891 /* Utility.cpp */ = {isa = PBXFileReference; fileEncoding = 4; lastKnownFileType = sourcecode.cpp.cpp; name = Utility.cpp; path = ../Common/Utility.cpp; sourceTree = SOURCE_ROOT; };
		648153EC12D4C43800FD8891 /* Utility.h */ = {isa = PBXFileReference; fileEncoding = 4; lastKnownFileType = sourcecode.c.h; name = Utility.h; path = ../Common/Utility.h; sourceTree = SOURCE_ROOT; };
		8DD76F6C0486A84900D96B5E /* Facilitator */ = {isa = PBXFileReference; explicitFileType = "compiled.mach-o.executable"; includeInIndex = 0; path = Facilitator; sourceTree = BUILT_PRODUCTS_DIR; };
/* End PBXFileReference section */

/* Begin PBXFrameworksBuildPhase section */
		8DD76F660486A84900D96B5E /* Frameworks */ = {
			isa = PBXFrameworksBuildPhase;
			buildActionMask = 2147483647;
			files = (
			);
			runOnlyForDeploymentPostprocessing = 0;
		};
/* End PBXFrameworksBuildPhase section */

/* Begin PBXGroup section */
		08FB7794FE84155DC02AAC07 /* Facilitator */ = {
			isa = PBXGroup;
			children = (
				648153E812D4C43800FD8891 /* Common */,
				645B1C090FBA278D007978DF /* RakNet */,
				08FB7795FE84155DC02AAC07 /* Source */,
				1AB674ADFE9D54B511CA2CBB /* Products */,
			);
			name = Facilitator;
			sourceTree = "<group>";
		};
		08FB7795FE84155DC02AAC07 /* Source */ = {
			isa = PBXGroup;
			children = (
				645B1C070FBA2780007978DF /* Facilitator.cpp */,
			);
			name = Source;
			sourceTree = "<group>";
		};
		1AB674ADFE9D54B511CA2CBB /* Products */ = {
			isa = PBXGroup;
			children = (
				8DD76F6C0486A84900D96B5E /* Facilitator */,
			);
			name = Products;
			sourceTree = "<group>";
		};
		645B1C090FBA278D007978DF /* RakNet */ = {
			isa = PBXGroup;
			children = (
				645B1C0A0FBA278D007978DF /* Sources */,
			);
			name = RakNet;
			path = ../RakNet;
			sourceTree = SOURCE_ROOT;
		};
		645B1C0A0FBA278D007978DF /* Sources */ = {
			isa = PBXGroup;
			children = (
				645B1C0B0FBA278D007978DF /* _FindFirst.cpp */,
				645B1C0C0FBA278D007978DF /* _FindFirst.h */,
				645B1C0D0FBA278D007978DF /* AsynchronousFileIO.cpp */,
				645B1C0E0FBA278D007978DF /* AsynchronousFileIO.h */,
				645B1C0F0FBA278D007978DF /* AutopatcherPatchContext.h */,
				645B1C100FBA278D007978DF /* AutopatcherRepositoryInterface.h */,
				6458A45F121BEA6300D40A32 /* BigInt.cpp */,
				6458A460121BEA6300D40A32 /* BigInt.h */,
				645B1C120FBA278D007978DF /* BitStream.cpp */,
				645B1C130FBA278D007978DF /* BitStream.h */,
				645B1C140FBA278D007978DF /* BitStream_NoTemplate.cpp */,
				6458A461121BEA6300D40A32 /* CCRakNetUDT.cpp */,
				6458A462121BEA6300D40A32 /* CCRakNetUDT.h */,
				645B1C150FBA278D007978DF /* CheckSum.cpp */,
				645B1C160FBA278D007978DF /* CheckSum.h */,
				645B1C170FBA278D007978DF /* ClientContextStruct.h */,
				645B1C180FBA278D007978DF /* CommandParserInterface.cpp */,
				645B1C190FBA278D007978DF /* CommandParserInterface.h */,
				645B1C1B0FBA278D007978DF /* ConnectionGraph.cpp */,
				645B1C1C0FBA278D007978DF /* ConnectionGraph.h */,
				645B1C1D0FBA278D007978DF /* ConsoleServer.cpp */,
				645B1C1E0FBA278D007978DF /* ConsoleServer.h */,
				645B1C1F0FBA278D007978DF /* DataBlockEncryptor.cpp */,
				645B1C200FBA278D007978DF /* DataBlockEncryptor.h */,
				645B1C210FBA278D007978DF /* DataCompressor.cpp */,
				645B1C220FBA278D007978DF /* DataCompressor.h */,
				645B1C230FBA278D007978DF /* DirectoryDeltaTransfer.cpp */,
				645B1C240FBA278D007978DF /* DirectoryDeltaTransfer.h */,
				645B1C250FBA278D007978DF /* DS_BinarySearchTree.h */,
				645B1C260FBA278D007978DF /* DS_BPlusTree.h */,
				645B1C270FBA278D007978DF /* DS_BytePool.cpp */,
				645B1C280FBA278D007978DF /* DS_BytePool.h */,
				645B1C290FBA278D007978DF /* DS_ByteQueue.cpp */,
				645B1C2A0FBA278D007978DF /* DS_ByteQueue.h */,
				645B1C2B0FBA278D007978DF /* DS_Heap.h */,
				645B1C2C0FBA278D007978DF /* DS_HuffmanEncodingTree.cpp */,
				645B1C2D0FBA278D007978DF /* DS_HuffmanEncodingTree.h */,
				645B1C2E0FBA278D007978DF /* DS_HuffmanEncodingTreeFactory.h */,
				645B1C2F0FBA278D007978DF /* DS_HuffmanEncodingTreeNode.h */,
				645B1C300FBA278D007978DF /* DS_LinkedList.h */,
				645B1C310FBA278D007978DF /* DS_List.h */,
				645B1C320FBA278D007978DF /* DS_Map.h */,
				645B1C330FBA278D007978DF /* DS_MemoryPool.h */,
				645B1C340FBA278D007978DF /* DS_OrderedChannelHeap.h */,
				645B1C350FBA278D007978DF /* DS_OrderedList.h */,
				645B1C360FBA278D007978DF /* DS_Queue.h */,
				645B1C370FBA278D007978DF /* DS_QueueLinkedList.h */,
				645B1C380FBA278D007978DF /* DS_RangeList.h */,
				645B1C390FBA278D007978DF /* DS_Table.cpp */,
				645B1C3A0FBA278D007978DF /* DS_Table.h */,
				645B1C3B0FBA278D007978DF /* DS_Tree.h */,
				645B1C3C0FBA278D007978DF /* DS_WeightedGraph.h */,
				645B1C3D0FBA278D007978DF /* EmailSender.cpp */,
				645B1C3E0FBA278D007978DF /* EmailSender.h */,
				645B1C3F0FBA278D007978DF /* EncodeClassName.cpp */,
				645B1C400FBA278D007978DF /* Export.h */,
				645B1C410FBA278D007978DF /* ExtendedOverlappedPool.cpp */,
				645B1C420FBA278D007978DF /* ExtendedOverlappedPool.h */,
				645B1C430FBA278D007978DF /* FileList.cpp */,
				645B1C440FBA278D007978DF /* FileList.h */,
				645B1C450FBA278D007978DF /* FileListTransfer.cpp */,
				645B1C460FBA278D007978DF /* FileListTransfer.h */,
				645B1C470FBA278D007978DF /* FileListTransferCBInterface.h */,
				645B1C480FBA278D007978DF /* FileOperations.cpp */,
				645B1C490FBA278D007978DF /* FileOperations.h */,
				645B1C4A0FBA278D007978DF /* FullyConnectedMesh.cpp */,
				645B1C4B0FBA278D007978DF /* FullyConnectedMesh.h */,
				645B1C4C0FBA278D007978DF /* GetTime.cpp */,
				645B1C4D0FBA278D007978DF /* GetTime.h */,
				645B1C4E0FBA278D007978DF /* InternalPacket.h */,
				645B1C4F0FBA278D007978DF /* Itoa.cpp */,
				645B1C500FBA278D007978DF /* Itoa.h */,
				645B1C570FBA278D007978DF /* LinuxStrings.cpp */,
				645B1C580FBA278D007978DF /* LinuxStrings.h */,
				645B1C590FBA278D007978DF /* LogCommandParser.cpp */,
				645B1C5A0FBA278D007978DF /* LogCommandParser.h */,
				645B1C5C0FBA278D007978DF /* MessageFilter.cpp */,
				645B1C5D0FBA278D007978DF /* MessageFilter.h */,
				645B1C5E0FBA278D007978DF /* MessageIdentifiers.h */,
				645B1C5F0FBA278D007978DF /* MTUSize.h */,
				6458A463121BEA6300D40A32 /* NativeFeatureIncludes.h */,
				6458A464121BEA6300D40A32 /* NativeFeatureIncludesOverrides.h */,
				6458A465121BEA6300D40A32 /* NatPunchthroughServer.cpp */,
				6458A466121BEA6300D40A32 /* NatPunchthroughServer.h */,
				645B1C620FBA278D007978DF /* NetworkIDManager.cpp */,
				645B1C630FBA278D007978DF /* NetworkIDManager.h */,
				645B1C640FBA278D007978DF /* NetworkIDObject.cpp */,
				645B1C650FBA278D007978DF /* NetworkIDObject.h */,
				6458A48B121BEAF300D40A32 /* PacketFileLogger.cpp */,
				6458A48C121BEAF300D40A32 /* PacketFileLogger.h */,
				645B1C6A0FBA278D007978DF /* PacketLogger.cpp */,
				645B1C6B0FBA278D007978DF /* PacketLogger.h */,
				645B1C6C0FBA278D007978DF /* PacketPool.h */,
				645B1C6D0FBA278D007978DF /* PacketPriority.h */,
				645B1C6E0FBA278D007978DF /* PluginInterface.cpp */,
				645B1C6F0FBA278D007978DF /* PluginInterface.h */,
				6458A467121BEA6300D40A32 /* PluginInterface2.cpp */,
				6458A468121BEA6300D40A32 /* PluginInterface2.h */,
				645B1C700FBA278D007978DF /* RakAssert.h */,
				645B1C710FBA278D007978DF /* RakMemoryOverride.cpp */,
				645B1C720FBA278D007978DF /* RakMemoryOverride.h */,
				645B1C760FBA278D007978DF /* RakNetCommandParser.cpp */,
				645B1C770FBA278D007978DF /* RakNetCommandParser.h */,
				645B1C780FBA278D007978DF /* RakNetDefines.h */,
				6458A469121BEA6300D40A32 /* RakNetSocket.cpp */,
				6458A46A121BEA6300D40A32 /* RakNetSocket.h */,
				645B1C790FBA278D007978DF /* RakNetStatistics.cpp */,
				645B1C7A0FBA278D007978DF /* RakNetStatistics.h */,
				645B1C7B0FBA278D007978DF /* RakNetTransport.cpp */,
				645B1C7C0FBA278D007978DF /* RakNetTransport.h */,
				645B1C7D0FBA278D007978DF /* RakNetTypes.cpp */,
				645B1C7E0FBA278D007978DF /* RakNetTypes.h */,
				645B1C7F0FBA278D007978DF /* RakNetworkFactory.cpp */,
				645B1C800FBA278D007978DF /* RakNetworkFactory.h */,
				645B1C810FBA278D007978DF /* RakPeer.cpp */,
				645B1C820FBA278D007978DF /* RakPeer.h */,
				645B1C830FBA278D007978DF /* RakPeerInterface.h */,
				645B1C840FBA278D007978DF /* RakSleep.cpp */,
				645B1C850FBA278D007978DF /* RakSleep.h */,
				6458A46B121BEA6300D40A32 /* RakString.cpp */,
				6458A46C121BEA6300D40A32 /* RakString.h */,
				6458A46D121BEA6300D40A32 /* RakThread.cpp */,
				6458A46E121BEA6300D40A32 /* RakThread.h */,
				645B1C880FBA278D007978DF /* Rand.cpp */,
				645B1C890FBA278D007978DF /* Rand.h */,
				645B1C8A0FBA278D007978DF /* ReliabilityLayer.cpp */,
				645B1C8B0FBA278D007978DF /* ReliabilityLayer.h */,
				645B1C8C0FBA278D007978DF /* Replica.h */,
				645B1C8D0FBA278D007978DF /* ReplicaEnums.h */,
				645B1C8E0FBA278D007978DF /* ReplicaManager.cpp */,
				645B1C8F0FBA278D007978DF /* ReplicaManager.h */,
				645B1C900FBA278D007978DF /* Rijndael-Boxes.h */,
				645B1C910FBA278D007978DF /* rijndael.cpp */,
				645B1C920FBA278D007978DF /* Rijndael.h */,
				645B1C930FBA278D007978DF /* Router.cpp */,
				645B1C940FBA278D007978DF /* Router.h */,
				645B1C950FBA278D007978DF /* RouterInterface.h */,
				645B1C960FBA278D007978DF /* RPCMap.cpp */,
				645B1C970FBA278D007978DF /* RPCMap.h */,
				645B1C980FBA278D007978DF /* RPCNode.h */,
				6458A46F121BEA6300D40A32 /* RSACrypt.cpp */,
				645B1C990FBA278D007978DF /* RSACrypt.h */,
				645B1C9A0FBA278D007978DF /* SHA1.cpp */,
				645B1C9B0FBA278D007978DF /* SHA1.h */,
				6458A470121BEA6300D40A32 /* SignaledEvent.cpp */,
				6458A471121BEA6300D40A32 /* SignaledEvent.h */,
				645B1C9C0FBA278D007978DF /* SimpleMutex.cpp */,
				645B1C9D0FBA278D007978DF /* SimpleMutex.h */,
				645B1C9E0FBA278D007978DF /* SimpleTCPServer.h */,
				645B1C9F0FBA278D007978DF /* SingleProducerConsumer.h */,
				645B1CA00FBA278D007978DF /* SocketLayer.cpp */,
				645B1CA10FBA278D007978DF /* SocketLayer.h */,
				645B1CA20FBA278D007978DF /* StringCompressor.cpp */,
				645B1CA30FBA278D007978DF /* StringCompressor.h */,
				645B1CA40FBA278D007978DF /* StringTable.cpp */,
				645B1CA50FBA278D007978DF /* StringTable.h */,
				6458A472121BEA6300D40A32 /* SuperFastHash.cpp */,
				6458A473121BEA6300D40A32 /* SuperFastHash.h */,
				645B1CA60FBA278D007978DF /* SystemAddressList.cpp */,
				645B1CA70FBA278D007978DF /* SystemAddressList.h */,
				645B1CA80FBA278D007978DF /* TableSerializer.cpp */,
				645B1CA90FBA278D007978DF /* TableSerializer.h */,
				645B1CAA0FBA278D007978DF /* TCPInterface.cpp */,
				645B1CAB0FBA278D007978DF /* TCPInterface.h */,
				645B1CAC0FBA278D007978DF /* TelnetTransport.cpp */,
				645B1CAD0FBA278D007978DF /* TelnetTransport.h */,
				645B1CAE0FBA278D007978DF /* ThreadPool.h */,
				645B1CAF0FBA278D007978DF /* ThreadsafePacketLogger.cpp */,
				645B1CB00FBA278D007978DF /* ThreadsafePacketLogger.h */,
				645B1CB10FBA278D007978DF /* TransportInterface.h */,
			);
			path = Sources;
			sourceTree = "<group>";
		};
		648153E812D4C43800FD8891 /* Common */ = {
			isa = PBXGroup;
			children = (
				648153E912D4C43800FD8891 /* Log.cpp */,
				648153EA12D4C43800FD8891 /* Log.h */,
				648153EB12D4C43800FD8891 /* Utility.cpp */,
				648153EC12D4C43800FD8891 /* Utility.h */,
			);
			name = Common;
			path = ../Common;
			sourceTree = SOURCE_ROOT;
		};
/* End PBXGroup section */

/* Begin PBXNativeTarget section */
		8DD76F620486A84900D96B5E /* Facilitator */ = {
			isa = PBXNativeTarget;
			buildConfigurationList = 1DEB923108733DC60010E9CD /* Build configuration list for PBXNativeTarget "Facilitator" */;
			buildPhases = (
				8DD76F640486A84900D96B5E /* Sources */,
				8DD76F660486A84900D96B5E /* Frameworks */,
				8DD76F690486A84900D96B5E /* CopyFiles */,
			);
			buildRules = (
			);
			dependencies = (
			);
			name = Facilitator;
			productInstallPath = "$(HOME)/bin";
			productName = Facilitator;
			productReference = 8DD76F6C0486A84900D96B5E /* Facilitator */;
			productType = "com.apple.product-type.tool";
		};
/* End PBXNativeTarget section */

/* Begin PBXProject section */
		08FB7793FE84155DC02AAC07 /* Project object */ = {
			isa = PBXProject;
			buildConfigurationList = 1DEB923508733DC60010E9CD /* Build configuration list for PBXProject "Facilitator" */;
			compatibilityVersion = "Xcode 3.1";
			developmentRegion = English;
			hasScannedForEncodings = 1;
			knownRegions = (
				English,
				Japanese,
				French,
				German,
			);
			mainGroup = 08FB7794FE84155DC02AAC07 /* Facilitator */;
			projectDirPath = "";
			projectRoot = "";
			targets = (
				8DD76F620486A84900D96B5E /* Facilitator */,
			);
		};
/* End PBXProject section */

/* Begin PBXSourcesBuildPhase section */
		8DD76F640486A84900D96B5E /* Sources */ = {
			isa = PBXSourcesBuildPhase;
			buildActionMask = 2147483647;
			files = (
				645B1C080FBA2780007978DF /* Facilitator.cpp in Sources */,
				645B1CB30FBA278D007978DF /* _FindFirst.cpp in Sources */,
				645B1CB40FBA278D007978DF /* AsynchronousFileIO.cpp in Sources */,
				645B1CB50FBA278D007978DF /* BitStream.cpp in Sources */,
				645B1CB60FBA278D007978DF /* BitStream_NoTemplate.cpp in Sources */,
				645B1CB70FBA278D007978DF /* CheckSum.cpp in Sources */,
				645B1CB80FBA278D007978DF /* CommandParserInterface.cpp in Sources */,
				645B1CB90FBA278D007978DF /* ConnectionGraph.cpp in Sources */,
				645B1CBA0FBA278D007978DF /* ConsoleServer.cpp in Sources */,
				645B1CBB0FBA278D007978DF /* DataBlockEncryptor.cpp in Sources */,
				645B1CBC0FBA278D007978DF /* DataCompressor.cpp in Sources */,
				645B1CBD0FBA278D007978DF /* DirectoryDeltaTransfer.cpp in Sources */,
				645B1CBE0FBA278D007978DF /* DS_BytePool.cpp in Sources */,
				645B1CBF0FBA278D007978DF /* DS_ByteQueue.cpp in Sources */,
				645B1CC00FBA278D007978DF /* DS_HuffmanEncodingTree.cpp in Sources */,
				645B1CC10FBA278D007978DF /* DS_Table.cpp in Sources */,
				645B1CC20FBA278D007978DF /* EmailSender.cpp in Sources */,
				645B1CC30FBA278D007978DF /* EncodeClassName.cpp in Sources */,
				645B1CC40FBA278D007978DF /* ExtendedOverlappedPool.cpp in Sources */,
				645B1CC50FBA278D007978DF /* FileList.cpp in Sources */,
				645B1CC60FBA278D007978DF /* FileListTransfer.cpp in Sources */,
				645B1CC70FBA278D007978DF /* FileOperations.cpp in Sources */,
				645B1CC80FBA278D007978DF /* FullyConnectedMesh.cpp in Sources */,
				645B1CC90FBA278D007978DF /* GetTime.cpp in Sources */,
				645B1CCA0FBA278D007978DF /* Itoa.cpp in Sources */,
				645B1CCE0FBA278D007978DF /* LinuxStrings.cpp in Sources */,
				645B1CCF0FBA278D007978DF /* LogCommandParser.cpp in Sources */,
				645B1CD00FBA278D007978DF /* MessageFilter.cpp in Sources */,
				645B1CD20FBA278D007978DF /* NetworkIDManager.cpp in Sources */,
				645B1CD30FBA278D007978DF /* NetworkIDObject.cpp in Sources */,
				645B1CD60FBA278D007978DF /* PacketLogger.cpp in Sources */,
				645B1CD70FBA278D007978DF /* PluginInterface.cpp in Sources */,
				645B1CD80FBA278D007978DF /* RakMemoryOverride.cpp in Sources */,
				645B1CDA0FBA278D007978DF /* RakNetCommandParser.cpp in Sources */,
				645B1CDB0FBA278D007978DF /* RakNetStatistics.cpp in Sources */,
				645B1CDC0FBA278D007978DF /* RakNetTransport.cpp in Sources */,
				645B1CDD0FBA278D007978DF /* RakNetTypes.cpp in Sources */,
				645B1CDE0FBA278D007978DF /* RakNetworkFactory.cpp in Sources */,
				645B1CDF0FBA278D007978DF /* RakPeer.cpp in Sources */,
				645B1CE00FBA278D007978DF /* RakSleep.cpp in Sources */,
				645B1CE20FBA278D007978DF /* Rand.cpp in Sources */,
				645B1CE30FBA278D007978DF /* ReliabilityLayer.cpp in Sources */,
				645B1CE40FBA278D007978DF /* ReplicaManager.cpp in Sources */,
				645B1CE50FBA278D007978DF /* rijndael.cpp in Sources */,
				645B1CE60FBA278D007978DF /* Router.cpp in Sources */,
				645B1CE70FBA278D007978DF /* RPCMap.cpp in Sources */,
				645B1CE80FBA278D007978DF /* SHA1.cpp in Sources */,
				645B1CE90FBA278D007978DF /* SimpleMutex.cpp in Sources */,
				645B1CEA0FBA278D007978DF /* SocketLayer.cpp in Sources */,
				645B1CEB0FBA278D007978DF /* StringCompressor.cpp in Sources */,
				645B1CEC0FBA278D007978DF /* StringTable.cpp in Sources */,
				645B1CED0FBA278D007978DF /* SystemAddressList.cpp in Sources */,
				645B1CEE0FBA278D007978DF /* TableSerializer.cpp in Sources */,
				645B1CEF0FBA278D007978DF /* TCPInterface.cpp in Sources */,
				645B1CF00FBA278D007978DF /* TelnetTransport.cpp in Sources */,
				645B1CF10FBA278D007978DF /* ThreadsafePacketLogger.cpp in Sources */,
				6458A474121BEA6300D40A32 /* BigInt.cpp in Sources */,
				6458A475121BEA6300D40A32 /* CCRakNetUDT.cpp in Sources */,
				6458A476121BEA6300D40A32 /* NatPunchthroughServer.cpp in Sources */,
				6458A477121BEA6300D40A32 /* PluginInterface2.cpp in Sources */,
				6458A478121BEA6300D40A32 /* RakNetSocket.cpp in Sources */,
				6458A479121BEA6300D40A32 /* RakString.cpp in Sources */,
				6458A47A121BEA6300D40A32 /* RakThread.cpp in Sources */,
				6458A47B121BEA6300D40A32 /* RSACrypt.cpp in Sources */,
				6458A47C121BEA6300D40A32 /* SignaledEvent.cpp in Sources */,
				6458A47D121BEA6300D40A32 /* SuperFastHash.cpp in Sources */,
				6458A48D121BEAF300D40A32 /* PacketFileLogger.cpp in Sources */,
				648153ED12D4C43800FD8891 /* Log.cpp in Sources */,
				648153EE12D4C43800FD8891 /* Utility.cpp in Sources */,
			);
			runOnlyForDeploymentPostprocessing = 0;
		};
/* End PBXSourcesBuildPhase section */

/* Begin XCBuildConfiguration section */
		1DEB923208733DC60010E9CD /* Debug */ = {
			isa = XCBuildConfiguration;
			buildSettings = {
				ALWAYS_SEARCH_USER_PATHS = NO;
				COPY_PHASE_STRIP = NO;
				GCC_DYNAMIC_NO_PIC = NO;
				GCC_ENABLE_FIX_AND_CONTINUE = YES;
				GCC_MODEL_TUNING = G5;
				GCC_OPTIMIZATION_LEVEL = 0;
				GCC_PREPROCESSOR_DEFINITIONS = (
					"UNITY_FACILITATOR=1",
					"_GLIBCXX_DEBUG=1",
					"_GLIBCXX_DEBUG_PEDANTIC=1",
				);
				INSTALL_PATH = /usr/local/bin;
				PRODUCT_NAME = Facilitator;
			};
			name = Debug;
		};
		1DEB923308733DC60010E9CD /* Release */ = {
			isa = XCBuildConfiguration;
			buildSettings = {
				ALWAYS_SEARCH_USER_PATHS = NO;
				DEBUG_INFORMATION_FORMAT = "dwarf-with-dsym";
				GCC_MODEL_TUNING = G5;
				GCC_PREPROCESSOR_DEFINITIONS = "UNITY_FACILITATOR=1";
				INSTALL_PATH = /usr/local/bin;
				PRODUCT_NAME = Facilitator;
			};
			name = Release;
		};
		1DEB923608733DC60010E9CD /* Debug */ = {
			isa = XCBuildConfiguration;
			buildSettings = {
				ARCHS = "$(ARCHS_STANDARD_32_BIT)";
				GCC_C_LANGUAGE_STANDARD = c99;
				GCC_OPTIMIZATION_LEVEL = 0;
				GCC_VERSION = 4.0;
				GCC_WARN_ABOUT_RETURN_TYPE = YES;
				GCC_WARN_UNUSED_VARIABLE = YES;
				ONLY_ACTIVE_ARCH = YES;
				PREBINDING = NO;
				SDKROOT = macosx10.4;
			};
			name = Debug;
		};
		1DEB923708733DC60010E9CD /* Release */ = {
			isa = XCBuildConfiguration;
			buildSettings = {
				ARCHS = "$(ARCHS_STANDARD_32_BIT)";
				GCC_C_LANGUAGE_STANDARD = c99;
				GCC_VERSION = 4.0;
				GCC_WARN_ABOUT_RETURN_TYPE = YES;
				GCC_WARN_UNUSED_VARIABLE = YES;
				PREBINDING = NO;
				SDKROOT = macosx10.4;
			};
			name = Release;
		};
/* End XCBuildConfiguration section */

/* Begin XCConfigurationList section */
		1DEB923108733DC60010E9CD /* Build configuration list for PBXNativeTarget "Facilitator" */ = {
			isa = XCConfigurationList;
			buildConfigurations = (
				1DEB923208733DC60010E9CD /* Debug */,
				1DEB923308733DC60010E9CD /* Release */,
			);
			defaultConfigurationIsVisible = 0;
			defaultConfigurationName = Release;
		};
		1DEB923508733DC60010E9CD /* Build configuration list for PBXProject "Facilitator" */ = {
			isa = XCConfigurationList;
			buildConfigurations = (
				1DEB923608733DC60010E9CD /* Debug */,
				1DEB923708733DC60010E9CD /* Release */,
			);
			defaultConfigurationIsVisible = 0;
			defaultConfigurationName = Release;
		};
/* End XCConfigurationList section */
	};
	rootObject = 08FB7793FE84155DC02AAC07 /* Project object */;
}
